
Microsoft Visual Studio Solution File, Format Version 12.00
# Visual Studio Version 17
VisualStudioVersion = 17.9.34622.214
MinimumVisualStudioVersion = 10.0.40219.1
Project("{FAE04EC0-301F-11D3-BF4B-00C04F79EFBC}") = "ApplicationCommercialeAPI", "ApplicationCommercialeAPI\ApplicationCommercialeAPI.csproj", "{D9437C9C-9F33-481F-8993-4B3D5429FAD2}"
EndProject
Project("{FAE04EC0-301F-11D3-BF4B-00C04F79EFBC}") = "ApplicationCommerciale.Core", "ApplicationCommerciale.core\ApplicationCommerciale.Core.csproj", "{434A5F67-4689-40AB-BF42-BEF8F5146309}"
EndProject
Project("{FAE04EC0-301F-11D3-BF4B-00C04F79EFBC}") = "ApplicationCommercial.Infrastructure", "ApplicationCommercial.infrastructure\ApplicationCommercial.Infrastructure.csproj", "{83C2B690-66B2-4A52-BAD3-E2C9DAA83E4F}"
EndProject
Global
	GlobalSection(SolutionConfigurationPlatforms) = preSolution
		Debug|Any CPU = Debug|Any CPU
		Release|Any CPU = Release|Any CPU
	EndGlobalSection
	GlobalSection(ProjectConfigurationPlatforms) = postSolution
		{D9437C9C-9F33-481F-8993-4B3D5429FAD2}.Debug|Any CPU.ActiveCfg = Debug|Any CPU
		{D9437C9C-9F33-481F-8993-4B3D5429FAD2}.Debug|Any CPU.Build.0 = Debug|Any CPU
		{D9437C9C-9F33-481F-8993-4B3D5429FAD2}.Release|Any CPU.ActiveCfg = Release|Any CPU
		{D9437C9C-9F33-481F-8993-4B3D5429FAD2}.Release|Any CPU.Build.0 = Release|Any CPU
		{434A5F67-4689-40AB-BF42-BEF8F5146309}.Debug|Any CPU.ActiveCfg = Debug|Any CPU
		{434A5F67-4689-40AB-BF42-BEF8F5146309}.Debug|Any CPU.Build.0 = Debug|Any CPU
		{434A5F67-4689-40AB-BF42-BEF8F5146309}.Release|Any CPU.ActiveCfg = Release|Any CPU
		{434A5F67-4689-40AB-BF42-BEF8F5146309}.Release|Any CPU.Build.0 = Release|Any CPU
		{83C2B690-66B2-4A52-BAD3-E2C9DAA83E4F}.Debug|Any CPU.ActiveCfg = Debug|Any CPU
		{83C2B690-66B2-4A52-BAD3-E2C9DAA83E4F}.Debug|Any CPU.Build.0 = Debug|Any CPU
		{83C2B690-66B2-4A52-BAD3-E2C9DAA83E4F}.Release|Any CPU.ActiveCfg = Release|Any CPU
		{83C2B690-66B2-4A52-BAD3-E2C9DAA83E4F}.Release|Any CPU.Build.0 = Release|Any CPU
	EndGlobalSection
	GlobalSection(SolutionProperties) = preSolution
		HideSolutionNode = FALSE
	EndGlobalSection
	GlobalSection(ExtensibilityGlobals) = postSolution
		SolutionGuid = {C05399F1-2B25-47D1-8CB5-834404B09C06}
	EndGlobalSection
EndGlobal
